// !$*UTF8*$!
{
	archiveVersion = 1;
	classes = {
	};
	objectVersion = 55;
	objects = {

/* Begin PBXBuildFile section */
		4018A62327F47FC000524BFA /* AppDelegate.swift in Sources */ = {isa = PBXBuildFile; fileRef = 4018A62227F47FC000524BFA /* AppDelegate.swift */; };
		4018A62527F47FC000524BFA /* GameScene.sks in Resources */ = {isa = PBXBuildFile; fileRef = 4018A62427F47FC000524BFA /* GameScene.sks */; };
		4018A62927F47FC000524BFA /* GameScene.swift in Sources */ = {isa = PBXBuildFile; fileRef = 4018A62827F47FC000524BFA /* GameScene.swift */; };
		4018A62B27F47FC000524BFA /* GameViewController.swift in Sources */ = {isa = PBXBuildFile; fileRef = 4018A62A27F47FC000524BFA /* GameViewController.swift */; };
		4018A62E27F47FC000524BFA /* Main.storyboard in Resources */ = {isa = PBXBuildFile; fileRef = 4018A62C27F47FC000524BFA /* Main.storyboard */; };
		4018A63027F47FC100524BFA /* Assets.xcassets in Resources */ = {isa = PBXBuildFile; fileRef = 4018A62F27F47FC100524BFA /* Assets.xcassets */; };
		4018A63327F47FC100524BFA /* LaunchScreen.storyboard in Resources */ = {isa = PBXBuildFile; fileRef = 4018A63127F47FC100524BFA /* LaunchScreen.storyboard */; };
		4018A64927F481A200524BFA /* FireParticles.sks in Resources */ = {isa = PBXBuildFile; fileRef = 4018A63A27F481A200524BFA /* FireParticles.sks */; };
		4018A64A27F481A200524BFA /* ballBlue@2x.png in Resources */ = {isa = PBXBuildFile; fileRef = 4018A63B27F481A200524BFA /* ballBlue@2x.png */; };
		4018A64B27F481A200524BFA /* slotGlowBad@2x.png in Resources */ = {isa = PBXBuildFile; fileRef = 4018A63C27F481A200524BFA /* slotGlowBad@2x.png */; };
		4018A64C27F481A200524BFA /* ballYellow@2x.png in Resources */ = {isa = PBXBuildFile; fileRef = 4018A63D27F481A200524BFA /* ballYellow@2x.png */; };
		4018A64D27F481A200524BFA /* slotBaseGood@2x.png in Resources */ = {isa = PBXBuildFile; fileRef = 4018A63E27F481A200524BFA /* slotBaseGood@2x.png */; };
		4018A64E27F481A200524BFA /* ballPurple@2x.png in Resources */ = {isa = PBXBuildFile; fileRef = 4018A63F27F481A200524BFA /* ballPurple@2x.png */; };
		4018A64F27F481A200524BFA /* slotBaseBad@2x.png in Resources */ = {isa = PBXBuildFile; fileRef = 4018A64027F481A200524BFA /* slotBaseBad@2x.png */; };
		4018A65027F481A200524BFA /* ballGrey@2x.png in Resources */ = {isa = PBXBuildFile; fileRef = 4018A64127F481A200524BFA /* ballGrey@2x.png */; };
		4018A65127F481A200524BFA /* spark.png in Resources */ = {isa = PBXBuildFile; fileRef = 4018A64227F481A200524BFA /* spark.png */; };
		4018A65227F481A200524BFA /* bouncer@2x.png in Resources */ = {isa = PBXBuildFile; fileRef = 4018A64327F481A200524BFA /* bouncer@2x.png */; };
		4018A65327F481A200524BFA /* slotGlowGood@2x.png in Resources */ = {isa = PBXBuildFile; fileRef = 4018A64427F481A200524BFA /* slotGlowGood@2x.png */; };
		4018A65427F481A200524BFA /* ballRed@2x.png in Resources */ = {isa = PBXBuildFile; fileRef = 4018A64527F481A200524BFA /* ballRed@2x.png */; };
		4018A65527F481A200524BFA /* ballCyan@2x.png in Resources */ = {isa = PBXBuildFile; fileRef = 4018A64627F481A200524BFA /* ballCyan@2x.png */; };
		4018A65627F481A200524BFA /* background@2x.jpg in Resources */ = {isa = PBXBuildFile; fileRef = 4018A64727F481A200524BFA /* background@2x.jpg */; };
		4018A65727F481A200524BFA /* ballGreen@2x.png in Resources */ = {isa = PBXBuildFile; fileRef = 4018A64827F481A200524BFA /* ballGreen@2x.png */; };
/* End PBXBuildFile section */

/* Begin PBXFileReference section */
		4018A61F27F47FC000524BFA /* Peggle.app */ = {isa = PBXFileReference; explicitFileType = wrapper.application; includeInIndex = 0; path = Peggle.app; sourceTree = BUILT_PRODUCTS_DIR; };
		4018A62227F47FC000524BFA /* AppDelegate.swift */ = {isa = PBXFileReference; lastKnownFileType = sourcecode.swift; path = AppDelegate.swift; sourceTree = "<group>"; };
		4018A62427F47FC000524BFA /* GameScene.sks */ = {isa = PBXFileReference; lastKnownFileType = file.sks; path = GameScene.sks; sourceTree = "<group>"; };
		4018A62827F47FC000524BFA /* GameScene.swift */ = {isa = PBXFileReference; lastKnownFileType = sourcecode.swift; path = GameScene.swift; sourceTree = "<group>"; };
		4018A62A27F47FC000524BFA /* GameViewController.swift */ = {isa = PBXFileReference; lastKnownFileType = sourcecode.swift; path = GameViewController.swift; sourceTree = "<group>"; };
		4018A62D27F47FC000524BFA /* Base */ = {isa = PBXFileReference; lastKnownFileType = file.storyboard; name = Base; path = Base.lproj/Main.storyboard; sourceTree = "<group>"; };
		4018A62F27F47FC100524BFA /* Assets.xcassets */ = {isa = PBXFileReference; lastKnownFileType = folder.assetcatalog; path = Assets.xcassets; sourceTree = "<group>"; };
		4018A63227F47FC100524BFA /* Base */ = {isa = PBXFileReference; lastKnownFileType = file.storyboard; name = Base; path = Base.lproj/LaunchScreen.storyboard; sourceTree = "<group>"; };
		4018A63A27F481A200524BFA /* FireParticles.sks */ = {isa = PBXFileReference; lastKnownFileType = file.sks; path = FireParticles.sks; sourceTree = "<group>"; };
		4018A63B27F481A200524BFA /* ballBlue@2x.png */ = {isa = PBXFileReference; lastKnownFileType = image.png; path = "ballBlue@2x.png"; sourceTree = "<group>"; };
		4018A63C27F481A200524BFA /* slotGlowBad@2x.png */ = {isa = PBXFileReference; lastKnownFileType = image.png; path = "slotGlowBad@2x.png"; sourceTree = "<group>"; };
		4018A63D27F481A200524BFA /* ballYellow@2x.png */ = {isa = PBXFileReference; lastKnownFileType = image.png; path = "ballYellow@2x.png"; sourceTree = "<group>"; };
		4018A63E27F481A200524BFA /* slotBaseGood@2x.png */ = {isa = PBXFileReference; lastKnownFileType = image.png; path = "slotBaseGood@2x.png"; sourceTree = "<group>"; };
		4018A63F27F481A200524BFA /* ballPurple@2x.png */ = {isa = PBXFileReference; lastKnownFileType = image.png; path = "ballPurple@2x.png"; sourceTree = "<group>"; };
		4018A64027F481A200524BFA /* slotBaseBad@2x.png */ = {isa = PBXFileReference; lastKnownFileType = image.png; path = "slotBaseBad@2x.png"; sourceTree = "<group>"; };
		4018A64127F481A200524BFA /* ballGrey@2x.png */ = {isa = PBXFileReference; lastKnownFileType = image.png; path = "ballGrey@2x.png"; sourceTree = "<group>"; };
		4018A64227F481A200524BFA /* spark.png */ = {isa = PBXFileReference; lastKnownFileType = image.png; path = spark.png; sourceTree = "<group>"; };
		4018A64327F481A200524BFA /* bouncer@2x.png */ = {isa = PBXFileReference; lastKnownFileType = image.png; path = "bouncer@2x.png"; sourceTree = "<group>"; };
		4018A64427F481A200524BFA /* slotGlowGood@2x.png */ = {isa = PBXFileReference; lastKnownFileType = image.png; path = "slotGlowGood@2x.png"; sourceTree = "<group>"; };
		4018A64527F481A200524BFA /* ballRed@2x.png */ = {isa = PBXFileReference; lastKnownFileType = image.png; path = "ballRed@2x.png"; sourceTree = "<group>"; };
		4018A64627F481A200524BFA /* ballCyan@2x.png */ = {isa = PBXFileReference; lastKnownFileType = image.png; path = "ballCyan@2x.png"; sourceTree = "<group>"; };
		4018A64727F481A200524BFA /* background@2x.jpg */ = {isa = PBXFileReference; lastKnownFileType = image.jpeg; path = "background@2x.jpg"; sourceTree = "<group>"; };
		4018A64827F481A200524BFA /* ballGreen@2x.png */ = {isa = PBXFileReference; lastKnownFileType = image.png; path = "ballGreen@2x.png"; sourceTree = "<group>"; };
/* End PBXFileReference section */

/* Begin PBXFrameworksBuildPhase section */
		4018A61C27F47FC000524BFA /* Frameworks */ = {
			isa = PBXFrameworksBuildPhase;
			buildActionMask = 2147483647;
			files = (
			);
			runOnlyForDeploymentPostprocessing = 0;
		};
/* End PBXFrameworksBuildPhase section */

/* Begin PBXGroup section */
		4018A61627F47FC000524BFA = {
			isa = PBXGroup;
			children = (
				4018A62127F47FC000524BFA /* Peggle */,
				4018A62027F47FC000524BFA /* Products */,
			);
			sourceTree = "<group>";
		};
		4018A62027F47FC000524BFA /* Products */ = {
			isa = PBXGroup;
			children = (
				4018A61F27F47FC000524BFA /* Peggle.app */,
			);
			name = Products;
			sourceTree = "<group>";
		};
		4018A62127F47FC000524BFA /* Peggle */ = {
			isa = PBXGroup;
			children = (
				4018A62227F47FC000524BFA /* AppDelegate.swift */,
				4018A62427F47FC000524BFA /* GameScene.sks */,
				4018A62827F47FC000524BFA /* GameScene.swift */,
				4018A62A27F47FC000524BFA /* GameViewController.swift */,
				4018A62C27F47FC000524BFA /* Main.storyboard */,
				4018A62F27F47FC100524BFA /* Assets.xcassets */,
				4018A63127F47FC100524BFA /* LaunchScreen.storyboard */,
				4018A63927F481A200524BFA /* Content */,
			);
			path = Peggle;
			sourceTree = "<group>";
		};
		4018A63927F481A200524BFA /* Content */ = {
			isa = PBXGroup;
			children = (
				4018A63A27F481A200524BFA /* FireParticles.sks */,
				4018A63B27F481A200524BFA /* ballBlue@2x.png */,
				4018A63C27F481A200524BFA /* slotGlowBad@2x.png */,
				4018A63D27F481A200524BFA /* ballYellow@2x.png */,
				4018A63E27F481A200524BFA /* slotBaseGood@2x.png */,
				4018A63F27F481A200524BFA /* ballPurple@2x.png */,
				4018A64027F481A200524BFA /* slotBaseBad@2x.png */,
				4018A64127F481A200524BFA /* ballGrey@2x.png */,
				4018A64227F481A200524BFA /* spark.png */,
				4018A64327F481A200524BFA /* bouncer@2x.png */,
				4018A64427F481A200524BFA /* slotGlowGood@2x.png */,
				4018A64527F481A200524BFA /* ballRed@2x.png */,
				4018A64627F481A200524BFA /* ballCyan@2x.png */,
				4018A64727F481A200524BFA /* background@2x.jpg */,
				4018A64827F481A200524BFA /* ballGreen@2x.png */,
			);
			path = Content;
			sourceTree = "<group>";
		};
/* End PBXGroup section */

/* Begin PBXNativeTarget section */
		4018A61E27F47FC000524BFA /* Peggle */ = {
			isa = PBXNativeTarget;
			buildConfigurationList = 4018A63627F47FC100524BFA /* Build configuration list for PBXNativeTarget "Peggle" */;
			buildPhases = (
				4018A61B27F47FC000524BFA /* Sources */,
				4018A61C27F47FC000524BFA /* Frameworks */,
				4018A61D27F47FC000524BFA /* Resources */,
			);
			buildRules = (
			);
			dependencies = (
			);
			name = Peggle;
			productName = Peggle;
			productReference = 4018A61F27F47FC000524BFA /* Peggle.app */;
			productType = "com.apple.product-type.application";
		};
/* End PBXNativeTarget section */

/* Begin PBXProject section */
		4018A61727F47FC000524BFA /* Project object */ = {
			isa = PBXProject;
			attributes = {
				BuildIndependentTargetsInParallel = 1;
				LastSwiftUpdateCheck = 1300;
				LastUpgradeCheck = 1300;
				TargetAttributes = {
					4018A61E27F47FC000524BFA = {
						CreatedOnToolsVersion = 13.0;
					};
				};
			};
			buildConfigurationList = 4018A61A27F47FC000524BFA /* Build configuration list for PBXProject "Peggle" */;
			compatibilityVersion = "Xcode 13.0";
			developmentRegion = en;
			hasScannedForEncodings = 0;
			knownRegions = (
				en,
				Base,
			);
			mainGroup = 4018A61627F47FC000524BFA;
			productRefGroup = 4018A62027F47FC000524BFA /* Products */;
			projectDirPath = "";
			projectRoot = "";
			targets = (
				4018A61E27F47FC000524BFA /* Peggle */,
			);
		};
/* End PBXProject section */

/* Begin PBXResourcesBuildPhase section */
		4018A61D27F47FC000524BFA /* Resources */ = {
			isa = PBXResourcesBuildPhase;
			buildActionMask = 2147483647;
			files = (
				4018A62E27F47FC000524BFA /* Main.storyboard in Resources */,
				4018A65427F481A200524BFA /* ballRed@2x.png in Resources */,
				4018A64E27F481A200524BFA /* ballPurple@2x.png in Resources */,
				4018A64F27F481A200524BFA /* slotBaseBad@2x.png in Resources */,
				4018A64D27F481A200524BFA /* slotBaseGood@2x.png in Resources */,
				4018A62527F47FC000524BFA /* GameScene.sks in Resources */,
				4018A65327F481A200524BFA /* slotGlowGood@2x.png in Resources */,
				4018A65127F481A200524BFA /* spark.png in Resources */,
				4018A64927F481A200524BFA /* FireParticles.sks in Resources */,
				4018A63027F47FC100524BFA /* Assets.xcassets in Resources */,
				4018A63327F47FC100524BFA /* LaunchScreen.storyboard in Resources */,
				4018A64C27F481A200524BFA /* ballYellow@2x.png in Resources */,
				4018A65727F481A200524BFA /* ballGreen@2x.png in Resources */,
				4018A64A27F481A200524BFA /* ballBlue@2x.png in Resources */,
				4018A65527F481A200524BFA /* ballCyan@2x.png in Resources */,
				4018A65227F481A200524BFA /* bouncer@2x.png in Resources */,
				4018A65027F481A200524BFA /* ballGrey@2x.png in Resources */,
				4018A65627F481A200524BFA /* background@2x.jpg in Resources */,
				4018A64B27F481A200524BFA /* slotGlowBad@2x.png in Resources */,
			);
			runOnlyForDeploymentPostprocessing = 0;
		};
/* End PBXResourcesBuildPhase section */

/* Begin PBXSourcesBuildPhase section */
		4018A61B27F47FC000524BFA /* Sources */ = {
			isa = PBXSourcesBuildPhase;
			buildActionMask = 2147483647;
			files = (
				4018A62927F47FC000524BFA /* GameScene.swift in Sources */,
				4018A62B27F47FC000524BFA /* GameViewController.swift in Sources */,
				4018A62327F47FC000524BFA /* AppDelegate.swift in Sources */,
			);
			runOnlyForDeploymentPostprocessing = 0;
		};
/* End PBXSourcesBuildPhase section */

/* Begin PBXVariantGroup section */
		4018A62C27F47FC000524BFA /* Main.storyboard */ = {
			isa = PBXVariantGroup;
			children = (
				4018A62D27F47FC000524BFA /* Base */,
			);
			name = Main.storyboard;
			sourceTree = "<group>";
		};
		4018A63127F47FC100524BFA /* LaunchScreen.storyboard */ = {
			isa = PBXVariantGroup;
			children = (
				4018A63227F47FC100524BFA /* Base */,
			);
			name = LaunchScreen.storyboard;
			sourceTree = "<group>";
		};
/* End PBXVariantGroup section */

/* Begin XCBuildConfiguration section */
		4018A63427F47FC100524BFA /* Debug */ = {
			isa = XCBuildConfiguration;
			buildSettings = {
				ALWAYS_SEARCH_USER_PATHS = NO;
				CLANG_ANALYZER_NONNULL = YES;
				CLANG_ANALYZER_NUMBER_OBJECT_CONVERSION = YES_AGGRESSIVE;
				CLANG_CXX_LANGUAGE_STANDARD = "gnu++17";
				CLANG_CXX_LIBRARY = "libc++";
				CLANG_ENABLE_MODULES = YES;
				CLANG_ENABLE_OBJC_ARC = YES;
				CLANG_ENABLE_OBJC_WEAK = YES;
				CLANG_WARN_BLOCK_CAPTURE_AUTORELEASING = YES;
				CLANG_WARN_BOOL_CONVERSION = YES;
				CLANG_WARN_COMMA = YES;
				CLANG_WARN_CONSTANT_CONVERSION = YES;
				CLANG_WARN_DEPRECATED_OBJC_IMPLEMENTATIONS = YES;
				CLANG_WARN_DIRECT_OBJC_ISA_USAGE = YES_ERROR;
				CLANG_WARN_DOCUMENTATION_COMMENTS = YES;
				CLANG_WARN_EMPTY_BODY = YES;
				CLANG_WARN_ENUM_CONVERSION = YES;
				CLANG_WARN_INFINITE_RECURSION = YES;
				CLANG_WARN_INT_CONVERSION = YES;
				CLANG_WARN_NON_LITERAL_NULL_CONVERSION = YES;
				CLANG_WARN_OBJC_IMPLICIT_RETAIN_SELF = YES;
				CLANG_WARN_OBJC_LITERAL_CONVERSION = YES;
				CLANG_WARN_OBJC_ROOT_CLASS = YES_ERROR;
				CLANG_WARN_QUOTED_INCLUDE_IN_FRAMEWORK_HEADER = YES;
				CLANG_WARN_RANGE_LOOP_ANALYSIS = YES;
				CLANG_WARN_STRICT_PROTOTYPES = YES;
				CLANG_WARN_SUSPICIOUS_MOVE = YES;
				CLANG_WARN_UNGUARDED_AVAILABILITY = YES_AGGRESSIVE;
				CLANG_WARN_UNREACHABLE_CODE = YES;
				CLANG_WARN__DUPLICATE_METHOD_MATCH = YES;
				COPY_PHASE_STRIP = NO;
				DEBUG_INFORMATION_FORMAT = dwarf;
				ENABLE_STRICT_OBJC_MSGSEND = YES;
				ENABLE_TESTABILITY = YES;
				GCC_C_LANGUAGE_STANDARD = gnu11;
				GCC_DYNAMIC_NO_PIC = NO;
				GCC_NO_COMMON_BLOCKS = YES;
				GCC_OPTIMIZATION_LEVEL = 0;
				GCC_PREPROCESSOR_DEFINITIONS = (
					"DEBUG=1",
					"$(inherited)",
				);
				GCC_WARN_64_TO_32_BIT_CONVERSION = YES;
				GCC_WARN_ABOUT_RETURN_TYPE = YES_ERROR;
				GCC_WARN_UNDECLARED_SELECTOR = YES;
				GCC_WARN_UNINITIALIZED_AUTOS = YES_AGGRESSIVE;
				GCC_WARN_UNUSED_FUNCTION = YES;
				GCC_WARN_UNUSED_VARIABLE = YES;
				IPHONEOS_DEPLOYMENT_TARGET = 15.0;
				MTL_ENABLE_DEBUG_INFO = INCLUDE_SOURCE;
				MTL_FAST_MATH = YES;
				ONLY_ACTIVE_ARCH = YES;
				SDKROOT = iphoneos;
				SWIFT_ACTIVE_COMPILATION_CONDITIONS = DEBUG;
				SWIFT_OPTIMIZATION_LEVEL = "-Onone";
			};
			name = Debug;
		};
		4018A63527F47FC100524BFA /* Release */ = {
			isa = XCBuildConfiguration;
			buildSettings = {
				ALWAYS_SEARCH_USER_PATHS = NO;
				CLANG_ANALYZER_NONNULL = YES;
				CLANG_ANALYZER_NUMBER_OBJECT_CONVERSION = YES_AGGRESSIVE;
				CLANG_CXX_LANGUAGE_STANDARD = "gnu++17";
				CLANG_CXX_LIBRARY = "libc++";
				CLANG_ENABLE_MODULES = YES;
				CLANG_ENABLE_OBJC_ARC = YES;
				CLANG_ENABLE_OBJC_WEAK = YES;
				CLANG_WARN_BLOCK_CAPTURE_AUTORELEASING = YES;
				CLANG_WARN_BOOL_CONVERSION = YES;
				CLANG_WARN_COMMA = YES;
				CLANG_WARN_CONSTANT_CONVERSION = YES;
				CLANG_WARN_DEPRECATED_OBJC_IMPLEMENTATIONS = YES;
				CLANG_WARN_DIRECT_OBJC_ISA_USAGE = YES_ERROR;
				CLANG_WARN_DOCUMENTATION_COMMENTS = YES;
				CLANG_WARN_EMPTY_BODY = YES;
				CLANG_WARN_ENUM_CONVERSION = YES;
				CLANG_WARN_INFINITE_RECURSION = YES;
				CLANG_WARN_INT_CONVERSION = YES;
				CLANG_WARN_NON_LITERAL_NULL_CONVERSION = YES;
				CLANG_WARN_OBJC_IMPLICIT_RETAIN_SELF = YES;
				CLANG_WARN_OBJC_LITERAL_CONVERSION = YES;
				CLANG_WARN_OBJC_ROOT_CLASS = YES_ERROR;
				CLANG_WARN_QUOTED_INCLUDE_IN_FRAMEWORK_HEADER = YES;
				CLANG_WARN_RANGE_LOOP_ANALYSIS = YES;
				CLANG_WARN_STRICT_PROTOTYPES = YES;
				CLANG_WARN_SUSPICIOUS_MOVE = YES;
				CLANG_WARN_UNGUARDED_AVAILABILITY = YES_AGGRESSIVE;
				CLANG_WARN_UNREACHABLE_CODE = YES;
				CLANG_WARN__DUPLICATE_METHOD_MATCH = YES;
				COPY_PHASE_STRIP = NO;
				DEBUG_INFORMATION_FORMAT = "dwarf-with-dsym";
				ENABLE_NS_ASSERTIONS = NO;
				ENABLE_STRICT_OBJC_MSGSEND = YES;
				GCC_C_LANGUAGE_STANDARD = gnu11;
				GCC_NO_COMMON_BLOCKS = YES;
				GCC_WARN_64_TO_32_BIT_CONVERSION = YES;
				GCC_WARN_ABOUT_RETURN_TYPE = YES_ERROR;
				GCC_WARN_UNDECLARED_SELECTOR = YES;
				GCC_WARN_UNINITIALIZED_AUTOS = YES_AGGRESSIVE;
				GCC_WARN_UNUSED_FUNCTION = YES;
				GCC_WARN_UNUSED_VARIABLE = YES;
				IPHONEOS_DEPLOYMENT_TARGET = 15.0;
				MTL_ENABLE_DEBUG_INFO = NO;
				MTL_FAST_MATH = YES;
				SDKROOT = iphoneos;
				SWIFT_COMPILATION_MODE = wholemodule;
				SWIFT_OPTIMIZATION_LEVEL = "-O";
				VALIDATE_PRODUCT = YES;
			};
			name = Release;
		};
		4018A63727F47FC100524BFA /* Debug */ = {
			isa = XCBuildConfiguration;
			buildSettings = {
				ASSETCATALOG_COMPILER_APPICON_NAME = AppIcon;
				ASSETCATALOG_COMPILER_GLOBAL_ACCENT_COLOR_NAME = AccentColor;
				CODE_SIGN_STYLE = Automatic;
				CURRENT_PROJECT_VERSION = 1;
				DEVELOPMENT_TEAM = AYQQY6Y66K;
				GENERATE_INFOPLIST_FILE = YES;
				INFOPLIST_KEY_UIApplicationSupportsIndirectInputEvents = YES;
				INFOPLIST_KEY_UILaunchStoryboardName = LaunchScreen;
				INFOPLIST_KEY_UIMainStoryboardFile = Main;
				INFOPLIST_KEY_UIStatusBarHidden = YES;
				INFOPLIST_KEY_UISupportedInterfaceOrientations = UIInterfaceOrientationLandscapeLeft;
				INFOPLIST_KEY_UISupportedInterfaceOrientations_iPad = "UIInterfaceOrientationLandscapeLeft UIInterfaceOrientationLandscapeRight";
				INFOPLIST_KEY_UISupportedInterfaceOrientations_iPhone = "UIInterfaceOrientationPortrait UIInterfaceOrientationLandscapeLeft UIInterfaceOrientationLandscapeRight";
				LD_RUNPATH_SEARCH_PATHS = (
					"$(inherited)",
					"@executable_path/Frameworks",
				);
				MARKETING_VERSION = 1.0;
				PRODUCT_BUNDLE_IDENTIFIER = com.raywenderlich.Peggle;
				PRODUCT_NAME = "$(TARGET_NAME)";
				SWIFT_EMIT_LOC_STRINGS = YES;
				SWIFT_VERSION = 5.0;
				TARGETED_DEVICE_FAMILY = 2;
			};
			name = Debug;
		};
		4018A63827F47FC100524BFA /* Release */ = {
			isa = XCBuildConfiguration;
			buildSettings = {
				ASSETCATALOG_COMPILER_APPICON_NAME = AppIcon;
				ASSETCATALOG_COMPILER_GLOBAL_ACCENT_COLOR_NAME = AccentColor;
				CODE_SIGN_STYLE = Automatic;
				CURRENT_PROJECT_VERSION = 1;
				DEVELOPMENT_TEAM = AYQQY6Y66K;
				GENERATE_INFOPLIST_FILE = YES;
				INFOPLIST_KEY_UIApplicationSupportsIndirectInputEvents = YES;
				INFOPLIST_KEY_UILaunchStoryboardName = LaunchScreen;
				INFOPLIST_KEY_UIMainStoryboardFile = Main;
				INFOPLIST_KEY_UIStatusBarHidden = YES;
				INFOPLIST_KEY_UISupportedInterfaceOrientations = UIInterfaceOrientationLandscapeLeft;
				INFOPLIST_KEY_UISupportedInterfaceOrientations_iPad = "UIInterfaceOrientationLandscapeLeft UIInterfaceOrientationLandscapeRight";
				INFOPLIST_KEY_UISupportedInterfaceOrientations_iPhone = "UIInterfaceOrientationPortrait UIInterfaceOrientationLandscapeLeft UIInterfaceOrientationLandscapeRight";
				LD_RUNPATH_SEARCH_PATHS = (
					"$(inherited)",
					"@executable_path/Frameworks",
				);
				MARKETING_VERSION = 1.0;
				PRODUCT_BUNDLE_IDENTIFIER = com.raywenderlich.Peggle;
				PRODUCT_NAME = "$(TARGET_NAME)";
				SWIFT_EMIT_LOC_STRINGS = YES;
				SWIFT_VERSION = 5.0;
				TARGETED_DEVICE_FAMILY = 2;
			};
			name = Release;
		};
/* End XCBuildConfiguration section */

/* Begin XCConfigurationList section */
		4018A61A27F47FC000524BFA /* Build configuration list for PBXProject "Peggle" */ = {
			isa = XCConfigurationList;
			buildConfigurations = (
				4018A63427F47FC100524BFA /* Debug */,
				4018A63527F47FC100524BFA /* Release */,
			);
			defaultConfigurationIsVisible = 0;
			defaultConfigurationName = Release;
		};
		4018A63627F47FC100524BFA /* Build configuration list for PBXNativeTarget "Peggle" */ = {
			isa = XCConfigurationList;
			buildConfigurations = (
				4018A63727F47FC100524BFA /* Debug */,
				4018A63827F47FC100524BFA /* Release */,
			);
			defaultConfigurationIsVisible = 0;
			defaultConfigurationName = Release;
		};
/* End XCConfigurationList section */
	};
	rootObject = 4018A61727F47FC000524BFA /* Project object */;
}
